// !$*UTF8*$!
{
	archiveVersion = 1;
	classes = {
	};
	objectVersion = 46;
	objects = {

/* Begin PBXBuildFile section */
		1227BC261E1DFA1100CB4324 /* AppDelegate.swift in Sources */ = {isa = PBXBuildFile; fileRef = 1227BC251E1DFA1100CB4324 /* AppDelegate.swift */; };
		1227BC2B1E1DFA1100CB4324 /* Main.storyboard in Resources */ = {isa = PBXBuildFile; fileRef = 1227BC291E1DFA1100CB4324 /* Main.storyboard */; };
		1227BC2D1E1DFA1100CB4324 /* Assets.xcassets in Resources */ = {isa = PBXBuildFile; fileRef = 1227BC2C1E1DFA1100CB4324 /* Assets.xcassets */; };
		1227BC301E1DFA1100CB4324 /* LaunchScreen.storyboard in Resources */ = {isa = PBXBuildFile; fileRef = 1227BC2E1E1DFA1100CB4324 /* LaunchScreen.storyboard */; };
		1227BC3B1E1E05F200CB4324 /* MoviesTableViewCell.swift in Sources */ = {isa = PBXBuildFile; fileRef = 1227BC3A1E1E05F200CB4324 /* MoviesTableViewCell.swift */; };
		12AFA2DB1E1E156300636C34 /* MoviesViewController.swift in Sources */ = {isa = PBXBuildFile; fileRef = 12AFA2DA1E1E156300636C34 /* MoviesViewController.swift */; };
		12C158321E1F9B3F00149F45 /* Reachability.swift in Sources */ = {isa = PBXBuildFile; fileRef = 12C158311E1F9B3F00149F45 /* Reachability.swift */; };
		12DE7DFA1E270EF2007BF04D /* DetailViewController.swift in Sources */ = {isa = PBXBuildFile; fileRef = 12DE7DF91E270EF2007BF04D /* DetailViewController.swift */; };
		12DE7DFE1E2848B5007BF04D /* MoviesCollectionViewCell.swift in Sources */ = {isa = PBXBuildFile; fileRef = 12DE7DFD1E2848B5007BF04D /* MoviesCollectionViewCell.swift */; };
		12DE7E001E284902007BF04D /* MovieCollectionViewController.swift in Sources */ = {isa = PBXBuildFile; fileRef = 12DE7DFF1E284902007BF04D /* MovieCollectionViewController.swift */; };
		CC35786A562A38714586978A /* Pods_Flicks.framework in Frameworks */ = {isa = PBXBuildFile; fileRef = 1614E54997723DBAA009F4D4 /* Pods_Flicks.framework */; };
/* End PBXBuildFile section */

/* Begin PBXFileReference section */
		1227BC221E1DFA1100CB4324 /* Flicks.app */ = {isa = PBXFileReference; explicitFileType = wrapper.application; includeInIndex = 0; path = Flicks.app; sourceTree = BUILT_PRODUCTS_DIR; };
		1227BC251E1DFA1100CB4324 /* AppDelegate.swift */ = {isa = PBXFileReference; lastKnownFileType = sourcecode.swift; path = AppDelegate.swift; sourceTree = "<group>"; };
		1227BC2A1E1DFA1100CB4324 /* Base */ = {isa = PBXFileReference; lastKnownFileType = file.storyboard; name = Base; path = Base.lproj/Main.storyboard; sourceTree = "<group>"; };
		1227BC2C1E1DFA1100CB4324 /* Assets.xcassets */ = {isa = PBXFileReference; lastKnownFileType = folder.assetcatalog; path = Assets.xcassets; sourceTree = "<group>"; };
		1227BC2F1E1DFA1100CB4324 /* Base */ = {isa = PBXFileReference; lastKnownFileType = file.storyboard; name = Base; path = Base.lproj/LaunchScreen.storyboard; sourceTree = "<group>"; };
		1227BC311E1DFA1100CB4324 /* Info.plist */ = {isa = PBXFileReference; lastKnownFileType = text.plist.xml; path = Info.plist; sourceTree = "<group>"; };
		1227BC3A1E1E05F200CB4324 /* MoviesTableViewCell.swift */ = {isa = PBXFileReference; fileEncoding = 4; lastKnownFileType = sourcecode.swift; path = MoviesTableViewCell.swift; sourceTree = "<group>"; };
		12AFA2DA1E1E156300636C34 /* MoviesViewController.swift */ = {isa = PBXFileReference; fileEncoding = 4; lastKnownFileType = sourcecode.swift; path = MoviesViewController.swift; sourceTree = "<group>"; };
		12C158311E1F9B3F00149F45 /* Reachability.swift */ = {isa = PBXFileReference; fileEncoding = 4; lastKnownFileType = sourcecode.swift; path = Reachability.swift; sourceTree = "<group>"; };
		12DE7DF91E270EF2007BF04D /* DetailViewController.swift */ = {isa = PBXFileReference; fileEncoding = 4; lastKnownFileType = sourcecode.swift; path = DetailViewController.swift; sourceTree = "<group>"; };
		12DE7DFD1E2848B5007BF04D /* MoviesCollectionViewCell.swift */ = {isa = PBXFileReference; fileEncoding = 4; lastKnownFileType = sourcecode.swift; path = MoviesCollectionViewCell.swift; sourceTree = "<group>"; };
		12DE7DFF1E284902007BF04D /* MovieCollectionViewController.swift */ = {isa = PBXFileReference; fileEncoding = 4; lastKnownFileType = sourcecode.swift; path = MovieCollectionViewController.swift; sourceTree = "<group>"; };
		1614E54997723DBAA009F4D4 /* Pods_Flicks.framework */ = {isa = PBXFileReference; explicitFileType = wrapper.framework; includeInIndex = 0; path = Pods_Flicks.framework; sourceTree = BUILT_PRODUCTS_DIR; };
		1AEA7F2A45B980A84B4578D6 /* Pods-Flicks.release.xcconfig */ = {isa = PBXFileReference; includeInIndex = 1; lastKnownFileType = text.xcconfig; name = "Pods-Flicks.release.xcconfig"; path = "Pods/Target Support Files/Pods-Flicks/Pods-Flicks.release.xcconfig"; sourceTree = "<group>"; };
		7F8A3D52EAAC7803F5522F88 /* Pods-Flicks.debug.xcconfig */ = {isa = PBXFileReference; includeInIndex = 1; lastKnownFileType = text.xcconfig; name = "Pods-Flicks.debug.xcconfig"; path = "Pods/Target Support Files/Pods-Flicks/Pods-Flicks.debug.xcconfig"; sourceTree = "<group>"; };
/* End PBXFileReference section */

/* Begin PBXFrameworksBuildPhase section */
		1227BC1F1E1DFA1000CB4324 /* Frameworks */ = {
			isa = PBXFrameworksBuildPhase;
			buildActionMask = 2147483647;
			files = (
				CC35786A562A38714586978A /* Pods_Flicks.framework in Frameworks */,
			);
			runOnlyForDeploymentPostprocessing = 0;
		};
/* End PBXFrameworksBuildPhase section */

/* Begin PBXGroup section */
		1227BC191E1DFA1000CB4324 = {
			isa = PBXGroup;
			children = (
				1227BC241E1DFA1100CB4324 /* Flicks */,
				1227BC231E1DFA1100CB4324 /* Products */,
				FEB5CD6E51902DCFB3601CBE /* Pods */,
				FFE09F0555CEB1A4E7F4B2EA /* Frameworks */,
			);
			sourceTree = "<group>";
		};
		1227BC231E1DFA1100CB4324 /* Products */ = {
			isa = PBXGroup;
			children = (
				1227BC221E1DFA1100CB4324 /* Flicks.app */,
			);
			name = Products;
			sourceTree = "<group>";
		};
		1227BC241E1DFA1100CB4324 /* Flicks */ = {
			isa = PBXGroup;
			children = (
				12C158331E1F9B4A00149F45 /* Helper */,
				1227BC3C1E1E060000CB4324 /* Controllers */,
				1227BC391E1E05CF00CB4324 /* Views */,
				1227BC251E1DFA1100CB4324 /* AppDelegate.swift */,
				1227BC291E1DFA1100CB4324 /* Main.storyboard */,
				1227BC2C1E1DFA1100CB4324 /* Assets.xcassets */,
				1227BC2E1E1DFA1100CB4324 /* LaunchScreen.storyboard */,
				1227BC311E1DFA1100CB4324 /* Info.plist */,
			);
			path = Flicks;
			sourceTree = "<group>";
		};
		1227BC391E1E05CF00CB4324 /* Views */ = {
			isa = PBXGroup;
			children = (
				12DE7DFD1E2848B5007BF04D /* MoviesCollectionViewCell.swift */,
				1227BC3A1E1E05F200CB4324 /* MoviesTableViewCell.swift */,
			);
			name = Views;
			sourceTree = "<group>";
		};
		1227BC3C1E1E060000CB4324 /* Controllers */ = {
			isa = PBXGroup;
			children = (
				12AFA2DA1E1E156300636C34 /* MoviesViewController.swift */,
				12DE7DF91E270EF2007BF04D /* DetailViewController.swift */,
				12DE7DFF1E284902007BF04D /* MovieCollectionViewController.swift */,
			);
			name = Controllers;
			sourceTree = "<group>";
		};
		12C158331E1F9B4A00149F45 /* Helper */ = {
			isa = PBXGroup;
			children = (
				12C158311E1F9B3F00149F45 /* Reachability.swift */,
			);
			name = Helper;
			sourceTree = "<group>";
		};
		FEB5CD6E51902DCFB3601CBE /* Pods */ = {
			isa = PBXGroup;
			children = (
				7F8A3D52EAAC7803F5522F88 /* Pods-Flicks.debug.xcconfig */,
				1AEA7F2A45B980A84B4578D6 /* Pods-Flicks.release.xcconfig */,
			);
			name = Pods;
			sourceTree = "<group>";
		};
		FFE09F0555CEB1A4E7F4B2EA /* Frameworks */ = {
			isa = PBXGroup;
			children = (
				1614E54997723DBAA009F4D4 /* Pods_Flicks.framework */,
			);
			name = Frameworks;
			sourceTree = "<group>";
		};
/* End PBXGroup section */

/* Begin PBXNativeTarget section */
		1227BC211E1DFA1000CB4324 /* Flicks */ = {
			isa = PBXNativeTarget;
			buildConfigurationList = 1227BC341E1DFA1100CB4324 /* Build configuration list for PBXNativeTarget "Flicks" */;
			buildPhases = (
				4106772C7954E900BE4C4377 /* [CP] Check Pods Manifest.lock */,
				1227BC1E1E1DFA1000CB4324 /* Sources */,
				1227BC1F1E1DFA1000CB4324 /* Frameworks */,
				1227BC201E1DFA1000CB4324 /* Resources */,
				A3C33D6D463F157F6BE83F01 /* [CP] Embed Pods Frameworks */,
				9D4DFF20974C745AA22A7BBF /* [CP] Copy Pods Resources */,
			);
			buildRules = (
			);
			dependencies = (
			);
			name = Flicks;
			productName = Flicks;
			productReference = 1227BC221E1DFA1100CB4324 /* Flicks.app */;
			productType = "com.apple.product-type.application";
		};
/* End PBXNativeTarget section */

/* Begin PBXProject section */
		1227BC1A1E1DFA1000CB4324 /* Project object */ = {
			isa = PBXProject;
			attributes = {
				LastSwiftUpdateCheck = 0810;
				LastUpgradeCheck = 0810;
				ORGANIZATIONNAME = djku;
				TargetAttributes = {
					1227BC211E1DFA1000CB4324 = {
						CreatedOnToolsVersion = 8.1;
						DevelopmentTeam = J7EDPJR4N6;
						ProvisioningStyle = Automatic;
					};
				};
			};
			buildConfigurationList = 1227BC1D1E1DFA1000CB4324 /* Build configuration list for PBXProject "Flicks" */;
			compatibilityVersion = "Xcode 3.2";
			developmentRegion = English;
			hasScannedForEncodings = 0;
			knownRegions = (
				en,
				Base,
			);
			mainGroup = 1227BC191E1DFA1000CB4324;
			productRefGroup = 1227BC231E1DFA1100CB4324 /* Products */;
			projectDirPath = "";
			projectRoot = "";
			targets = (
				1227BC211E1DFA1000CB4324 /* Flicks */,
			);
		};
/* End PBXProject section */

/* Begin PBXResourcesBuildPhase section */
		1227BC201E1DFA1000CB4324 /* Resources */ = {
			isa = PBXResourcesBuildPhase;
			buildActionMask = 2147483647;
			files = (
				1227BC301E1DFA1100CB4324 /* LaunchScreen.storyboard in Resources */,
				1227BC2D1E1DFA1100CB4324 /* Assets.xcassets in Resources */,
				1227BC2B1E1DFA1100CB4324 /* Main.storyboard in Resources */,
			);
			runOnlyForDeploymentPostprocessing = 0;
		};
/* End PBXResourcesBuildPhase section */

/* Begin PBXShellScriptBuildPhase section */
		4106772C7954E900BE4C4377 /* [CP] Check Pods Manifest.lock */ = {
			isa = PBXShellScriptBuildPhase;
			buildActionMask = 2147483647;
			files = (
			);
			inputPaths = (
			);
			name = "[CP] Check Pods Manifest.lock";
			outputPaths = (
			);
			runOnlyForDeploymentPostprocessing = 0;
			shellPath = /bin/sh;
			shellScript = "diff \"${PODS_ROOT}/../Podfile.lock\" \"${PODS_ROOT}/Manifest.lock\" > /dev/null\nif [ $? != 0 ] ; then\n    # print error to STDERR\n    echo \"error: The sandbox is not in sync with the Podfile.lock. Run 'pod install' or update your CocoaPods installation.\" >&2\n    exit 1\nfi\n";
			showEnvVarsInLog = 0;
		};
		9D4DFF20974C745AA22A7BBF /* [CP] Copy Pods Resources */ = {
			isa = PBXShellScriptBuildPhase;
			buildActionMask = 2147483647;
			files = (
			);
			inputPaths = (
			);
			name = "[CP] Copy Pods Resources";
			outputPaths = (
			);
			runOnlyForDeploymentPostprocessing = 0;
			shellPath = /bin/sh;
			shellScript = "\"${SRCROOT}/Pods/Target Support Files/Pods-Flicks/Pods-Flicks-resources.sh\"\n";
			showEnvVarsInLog = 0;
		};
		A3C33D6D463F157F6BE83F01 /* [CP] Embed Pods Frameworks */ = {
			isa = PBXShellScriptBuildPhase;
			buildActionMask = 2147483647;
			files = (
			);
			inputPaths = (
			);
			name = "[CP] Embed Pods Frameworks";
			outputPaths = (
			);
			runOnlyForDeploymentPostprocessing = 0;
			shellPath = /bin/sh;
			shellScript = "\"${SRCROOT}/Pods/Target Support Files/Pods-Flicks/Pods-Flicks-frameworks.sh\"\n";
			showEnvVarsInLog = 0;
		};
/* End PBXShellScriptBuildPhase section */

/* Begin PBXSourcesBuildPhase section */
		1227BC1E1E1DFA1000CB4324 /* Sources */ = {
			isa = PBXSourcesBuildPhase;
			buildActionMask = 2147483647;
			files = (
				1227BC3B1E1E05F200CB4324 /* MoviesTableViewCell.swift in Sources */,
				1227BC261E1DFA1100CB4324 /* AppDelegate.swift in Sources */,
				12AFA2DB1E1E156300636C34 /* MoviesViewController.swift in Sources */,
				12DE7E001E284902007BF04D /* MovieCollectionViewController.swift in Sources */,
				12DE7DFE1E2848B5007BF04D /* MoviesCollectionViewCell.swift in Sources */,
				12DE7DFA1E270EF2007BF04D /* DetailViewController.swift in Sources */,
				12C158321E1F9B3F00149F45 /* Reachability.swift in Sources */,
			);
			runOnlyForDeploymentPostprocessing = 0;
		};
/* End PBXSourcesBuildPhase section */

/* Begin PBXVariantGroup section */
		1227BC291E1DFA1100CB4324 /* Main.storyboard */ = {
			isa = PBXVariantGroup;
			children = (
				1227BC2A1E1DFA1100CB4324 /* Base */,
			);
			name = Main.storyboard;
			sourceTree = "<group>";
		};
		1227BC2E1E1DFA1100CB4324 /* LaunchScreen.storyboard */ = {
			isa = PBXVariantGroup;
			children = (
				1227BC2F1E1DFA1100CB4324 /* Base */,
			);
			name = LaunchScreen.storyboard;
			sourceTree = "<group>";
		};
/* End PBXVariantGroup section */

/* Begin XCBuildConfiguration section */
		1227BC321E1DFA1100CB4324 /* Debug */ = {
			isa = XCBuildConfiguration;
			buildSettings = {
				ALWAYS_SEARCH_USER_PATHS = NO;
				CLANG_ANALYZER_NONNULL = YES;
				CLANG_CXX_LANGUAGE_STANDARD = "gnu++0x";
				CLANG_CXX_LIBRARY = "libc++";
				CLANG_ENABLE_MODULES = YES;
				CLANG_ENABLE_OBJC_ARC = YES;
				CLANG_WARN_BOOL_CONVERSION = YES;
				CLANG_WARN_CONSTANT_CONVERSION = YES;
				CLANG_WARN_DIRECT_OBJC_ISA_USAGE = YES_ERROR;
				CLANG_WARN_DOCUMENTATION_COMMENTS = YES;
				CLANG_WARN_EMPTY_BODY = YES;
				CLANG_WARN_ENUM_CONVERSION = YES;
				CLANG_WARN_INFINITE_RECURSION = YES;
				CLANG_WARN_INT_CONVERSION = YES;
				CLANG_WARN_OBJC_ROOT_CLASS = YES_ERROR;
				CLANG_WARN_SUSPICIOUS_MOVE = YES;
				CLANG_WARN_SUSPICIOUS_MOVES = YES;
				CLANG_WARN_UNREACHABLE_CODE = YES;
				CLANG_WARN__DUPLICATE_METHOD_MATCH = YES;
				"CODE_SIGN_IDENTITY[sdk=iphoneos*]" = "iPhone Developer";
				COPY_PHASE_STRIP = NO;
				DEBUG_INFORMATION_FORMAT = dwarf;
				ENABLE_STRICT_OBJC_MSGSEND = YES;
				ENABLE_TESTABILITY = YES;
				GCC_C_LANGUAGE_STANDARD = gnu99;
				GCC_DYNAMIC_NO_PIC = NO;
				GCC_NO_COMMON_BLOCKS = YES;
				GCC_OPTIMIZATION_LEVEL = 0;
				GCC_PREPROCESSOR_DEFINITIONS = (
					"DEBUG=1",
					"$(inherited)",
				);
				GCC_WARN_64_TO_32_BIT_CONVERSION = YES;
				GCC_WARN_ABOUT_RETURN_TYPE = YES_ERROR;
				GCC_WARN_UNDECLARED_SELECTOR = YES;
				GCC_WARN_UNINITIALIZED_AUTOS = YES_AGGRESSIVE;
				GCC_WARN_UNUSED_FUNCTION = YES;
				GCC_WARN_UNUSED_VARIABLE = YES;
				IPHONEOS_DEPLOYMENT_TARGET = 10.1;
				MTL_ENABLE_DEBUG_INFO = YES;
				ONLY_ACTIVE_ARCH = YES;
				SDKROOT = iphoneos;
				SWIFT_ACTIVE_COMPILATION_CONDITIONS = DEBUG;
				SWIFT_OPTIMIZATION_LEVEL = "-Onone";
			};
			name = Debug;
		};
		1227BC331E1DFA1100CB4324 /* Release */ = {
			isa = XCBuildConfiguration;
			buildSettings = {
				ALWAYS_SEARCH_USER_PATHS = NO;
				CLANG_ANALYZER_NONNULL = YES;
				CLANG_CXX_LANGUAGE_STANDARD = "gnu++0x";
				CLANG_CXX_LIBRARY = "libc++";
				CLANG_ENABLE_MODULES = YES;
				CLANG_ENABLE_OBJC_ARC = YES;
				CLANG_WARN_BOOL_CONVERSION = YES;
				CLANG_WARN_CONSTANT_CONVERSION = YES;
				CLANG_WARN_DIRECT_OBJC_ISA_USAGE = YES_ERROR;
				CLANG_WARN_DOCUMENTATION_COMMENTS = YES;
				CLANG_WARN_EMPTY_BODY = YES;
				CLANG_WARN_ENUM_CONVERSION = YES;
				CLANG_WARN_INFINITE_RECURSION = YES;
				CLANG_WARN_INT_CONVERSION = YES;
				CLANG_WARN_OBJC_ROOT_CLASS = YES_ERROR;
				CLANG_WARN_SUSPICIOUS_MOVE = YES;
				CLANG_WARN_SUSPICIOUS_MOVES = YES;
				CLANG_WARN_UNREACHABLE_CODE = YES;
				CLANG_WARN__DUPLICATE_METHOD_MATCH = YES;
				"CODE_SIGN_IDENTITY[sdk=iphoneos*]" = "iPhone Developer";
				COPY_PHASE_STRIP = NO;
				DEBUG_INFORMATION_FORMAT = "dwarf-with-dsym";
				ENABLE_NS_ASSERTIONS = NO;
				ENABLE_STRICT_OBJC_MSGSEND = YES;
				GCC_C_LANGUAGE_STANDARD = gnu99;
				GCC_NO_COMMON_BLOCKS = YES;
				GCC_WARN_64_TO_32_BIT_CONVERSION = YES;
				GCC_WARN_ABOUT_RETURN_TYPE = YES_ERROR;
				GCC_WARN_UNDECLARED_SELECTOR = YES;
				GCC_WARN_UNINITIALIZED_AUTOS = YES_AGGRESSIVE;
				GCC_WARN_UNUSED_FUNCTION = YES;
				GCC_WARN_UNUSED_VARIABLE = YES;
				IPHONEOS_DEPLOYMENT_TARGET = 10.1;
				MTL_ENABLE_DEBUG_INFO = NO;
				SDKROOT = iphoneos;
				SWIFT_OPTIMIZATION_LEVEL = "-Owholemodule";
				VALIDATE_PRODUCT = YES;
			};
			name = Release;
		};
		1227BC351E1DFA1100CB4324 /* Debug */ = {
			isa = XCBuildConfiguration;
			baseConfigurationReference = 7F8A3D52EAAC7803F5522F88 /* Pods-Flicks.debug.xcconfig */;
			buildSettings = {
				ASSETCATALOG_COMPILER_APPICON_NAME = AppIcon;
				DEVELOPMENT_TEAM = J7EDPJR4N6;
				INFOPLIST_FILE = Flicks/Info.plist;
				LD_RUNPATH_SEARCH_PATHS = "$(inherited) @executable_path/Frameworks";
				PRODUCT_BUNDLE_IDENTIFIER = com.djku.Flicks;
				PRODUCT_NAME = "$(TARGET_NAME)";
				SWIFT_VERSION = 3.0;
			};
			name = Debug;
		};
		1227BC361E1DFA1100CB4324 /* Release */ = {
			isa = XCBuildConfiguration;
			baseConfigurationReference = 1AEA7F2A45B980A84B4578D6 /* Pods-Flicks.release.xcconfig */;
			buildSettings = {
				ASSETCATALOG_COMPILER_APPICON_NAME = AppIcon;
				DEVELOPMENT_TEAM = J7EDPJR4N6;
				INFOPLIST_FILE = Flicks/Info.plist;
				LD_RUNPATH_SEARCH_PATHS = "$(inherited) @executable_path/Frameworks";
				PRODUCT_BUNDLE_IDENTIFIER = com.djku.Flicks;
				PRODUCT_NAME = "$(TARGET_NAME)";
				SWIFT_VERSION = 3.0;
			};
			name = Release;
		};
/* End XCBuildConfiguration section */

/* Begin XCConfigurationList section */
		1227BC1D1E1DFA1000CB4324 /* Build configuration list for PBXProject "Flicks" */ = {
			isa = XCConfigurationList;
			buildConfigurations = (
				1227BC321E1DFA1100CB4324 /* Debug */,
				1227BC331E1DFA1100CB4324 /* Release */,
			);
			defaultConfigurationIsVisible = 0;
			defaultConfigurationName = Release;
		};
		1227BC341E1DFA1100CB4324 /* Build configuration list for PBXNativeTarget "Flicks" */ = {
			isa = XCConfigurationList;
			buildConfigurations = (
				1227BC351E1DFA1100CB4324 /* Debug */,
				1227BC361E1DFA1100CB4324 /* Release */,
			);
			defaultConfigurationIsVisible = 0;
			defaultConfigurationName = Release;
		};
/* End XCConfigurationList section */
	};
	rootObject = 1227BC1A1E1DFA1000CB4324 /* Project object */;
}
